// !$*UTF8*$!
{
	archiveVersion = 1;
	classes = {
	};
	objectVersion = 77;
	objects = {

/* Begin PBXContainerItemProxy section */
		DBD3093A2D311C680021D1D7 /* PBXContainerItemProxy */ = {
			isa = PBXContainerItemProxy;
			containerPortal = DBD3091B2D311C670021D1D7 /* Project object */;
			proxyType = 1;
			remoteGlobalIDString = DBD309222D311C670021D1D7;
			remoteInfo = "DVT Weather App";
		};
		DBD309442D311C680021D1D7 /* PBXContainerItemProxy */ = {
			isa = PBXContainerItemProxy;
			containerPortal = DBD3091B2D311C670021D1D7 /* Project object */;
			proxyType = 1;
			remoteGlobalIDString = DBD309222D311C670021D1D7;
			remoteInfo = "DVT Weather App";
		};
/* End PBXContainerItemProxy section */

/* Begin PBXFileReference section */
		DBD309232D311C670021D1D7 /* DVT Weather App.app */ = {isa = PBXFileReference; explicitFileType = wrapper.application; includeInIndex = 0; path = "DVT Weather App.app"; sourceTree = BUILT_PRODUCTS_DIR; };
		DBD309392D311C680021D1D7 /* DVT Weather AppTests.xctest */ = {isa = PBXFileReference; explicitFileType = wrapper.cfbundle; includeInIndex = 0; path = "DVT Weather AppTests.xctest"; sourceTree = BUILT_PRODUCTS_DIR; };
		DBD309432D311C680021D1D7 /* DVT Weather AppUITests.xctest */ = {isa = PBXFileReference; explicitFileType = wrapper.cfbundle; includeInIndex = 0; path = "DVT Weather AppUITests.xctest"; sourceTree = BUILT_PRODUCTS_DIR; };
/* End PBXFileReference section */

/* Begin PBXFileSystemSynchronizedBuildFileExceptionSet section */
		DBD3094B2D311C680021D1D7 /* Exceptions for "DVT Weather App" folder in "DVT Weather App" target */ = {
			isa = PBXFileSystemSynchronizedBuildFileExceptionSet;
			membershipExceptions = (
				Info.plist,
			);
			target = DBD309222D311C670021D1D7 /* DVT Weather App */;
		};
/* End PBXFileSystemSynchronizedBuildFileExceptionSet section */

/* Begin PBXFileSystemSynchronizedRootGroup section */
		DBD309252D311C670021D1D7 /* DVT Weather App */ = {
			isa = PBXFileSystemSynchronizedRootGroup;
			exceptions = (
				DBD3094B2D311C680021D1D7 /* Exceptions for "DVT Weather App" folder in "DVT Weather App" target */,
			);
			path = "DVT Weather App";
			sourceTree = "<group>";
		};
		DBD3093C2D311C680021D1D7 /* DVT Weather AppTests */ = {
			isa = PBXFileSystemSynchronizedRootGroup;
			path = "DVT Weather AppTests";
			sourceTree = "<group>";
		};
		DBD309462D311C680021D1D7 /* DVT Weather AppUITests */ = {
			isa = PBXFileSystemSynchronizedRootGroup;
			path = "DVT Weather AppUITests";
			sourceTree = "<group>";
		};
/* End PBXFileSystemSynchronizedRootGroup section */

/* Begin PBXFrameworksBuildPhase section */
		DBD309202D311C670021D1D7 /* Frameworks */ = {
			isa = PBXFrameworksBuildPhase;
			buildActionMask = 2147483647;
			files = (
			);
			runOnlyForDeploymentPostprocessing = 0;
		};
		DBD309362D311C680021D1D7 /* Frameworks */ = {
			isa = PBXFrameworksBuildPhase;
			buildActionMask = 2147483647;
			files = (
			);
			runOnlyForDeploymentPostprocessing = 0;
		};
		DBD309402D311C680021D1D7 /* Frameworks */ = {
			isa = PBXFrameworksBuildPhase;
			buildActionMask = 2147483647;
			files = (
			);
			runOnlyForDeploymentPostprocessing = 0;
		};
/* End PBXFrameworksBuildPhase section */

/* Begin PBXGroup section */
		DBD3091A2D311C670021D1D7 = {
			isa = PBXGroup;
			children = (
				DBD309252D311C670021D1D7 /* DVT Weather App */,
				DBD3093C2D311C680021D1D7 /* DVT Weather AppTests */,
				DBD309462D311C680021D1D7 /* DVT Weather AppUITests */,
				DBD309242D311C670021D1D7 /* Products */,
			);
			sourceTree = "<group>";
		};
		DBD309242D311C670021D1D7 /* Products */ = {
			isa = PBXGroup;
			children = (
				DBD309232D311C670021D1D7 /* DVT Weather App.app */,
				DBD309392D311C680021D1D7 /* DVT Weather AppTests.xctest */,
				DBD309432D311C680021D1D7 /* DVT Weather AppUITests.xctest */,
			);
			name = Products;
			sourceTree = "<group>";
		};
/* End PBXGroup section */

/* Begin PBXNativeTarget section */
		DBD309222D311C670021D1D7 /* DVT Weather App */ = {
			isa = PBXNativeTarget;
			buildConfigurationList = DBD3094C2D311C680021D1D7 /* Build configuration list for PBXNativeTarget "DVT Weather App" */;
			buildPhases = (
				DBD3091F2D311C670021D1D7 /* Sources */,
				DBD309202D311C670021D1D7 /* Frameworks */,
				DBD309212D311C670021D1D7 /* Resources */,
			);
			buildRules = (
			);
			dependencies = (
			);
			fileSystemSynchronizedGroups = (
				DBD309252D311C670021D1D7 /* DVT Weather App */,
			);
			name = "DVT Weather App";
			packageProductDependencies = (
			);
			productName = "DVT Weather App";
			productReference = DBD309232D311C670021D1D7 /* DVT Weather App.app */;
			productType = "com.apple.product-type.application";
		};
		DBD309382D311C680021D1D7 /* DVT Weather AppTests */ = {
			isa = PBXNativeTarget;
			buildConfigurationList = DBD309512D311C680021D1D7 /* Build configuration list for PBXNativeTarget "DVT Weather AppTests" */;
			buildPhases = (
				DBD309352D311C680021D1D7 /* Sources */,
				DBD309362D311C680021D1D7 /* Frameworks */,
				DBD309372D311C680021D1D7 /* Resources */,
			);
			buildRules = (
			);
			dependencies = (
				DBD3093B2D311C680021D1D7 /* PBXTargetDependency */,
			);
			fileSystemSynchronizedGroups = (
				DBD3093C2D311C680021D1D7 /* DVT Weather AppTests */,
			);
			name = "DVT Weather AppTests";
			packageProductDependencies = (
			);
			productName = "DVT Weather AppTests";
			productReference = DBD309392D311C680021D1D7 /* DVT Weather AppTests.xctest */;
			productType = "com.apple.product-type.bundle.unit-test";
		};
		DBD309422D311C680021D1D7 /* DVT Weather AppUITests */ = {
			isa = PBXNativeTarget;
			buildConfigurationList = DBD309542D311C680021D1D7 /* Build configuration list for PBXNativeTarget "DVT Weather AppUITests" */;
			buildPhases = (
				DBD3093F2D311C680021D1D7 /* Sources */,
				DBD309402D311C680021D1D7 /* Frameworks */,
				DBD309412D311C680021D1D7 /* Resources */,
			);
			buildRules = (
			);
			dependencies = (
				DBD309452D311C680021D1D7 /* PBXTargetDependency */,
			);
			fileSystemSynchronizedGroups = (
				DBD309462D311C680021D1D7 /* DVT Weather AppUITests */,
			);
			name = "DVT Weather AppUITests";
			packageProductDependencies = (
			);
			productName = "DVT Weather AppUITests";
			productReference = DBD309432D311C680021D1D7 /* DVT Weather AppUITests.xctest */;
			productType = "com.apple.product-type.bundle.ui-testing";
		};
/* End PBXNativeTarget section */

/* Begin PBXProject section */
		DBD3091B2D311C670021D1D7 /* Project object */ = {
			isa = PBXProject;
			attributes = {
				BuildIndependentTargetsInParallel = 1;
				LastSwiftUpdateCheck = 1600;
				LastUpgradeCheck = 1600;
				TargetAttributes = {
					DBD309222D311C670021D1D7 = {
						CreatedOnToolsVersion = 16.0;
					};
					DBD309382D311C680021D1D7 = {
						CreatedOnToolsVersion = 16.0;
						TestTargetID = DBD309222D311C670021D1D7;
					};
					DBD309422D311C680021D1D7 = {
						CreatedOnToolsVersion = 16.0;
						TestTargetID = DBD309222D311C670021D1D7;
					};
				};
			};
			buildConfigurationList = DBD3091E2D311C670021D1D7 /* Build configuration list for PBXProject "DVT Weather App" */;
			developmentRegion = en;
			hasScannedForEncodings = 0;
			knownRegions = (
				en,
				Base,
			);
			mainGroup = DBD3091A2D311C670021D1D7;
			minimizedProjectReferenceProxies = 1;
			preferredProjectObjectVersion = 77;
			productRefGroup = DBD309242D311C670021D1D7 /* Products */;
			projectDirPath = "";
			projectRoot = "";
			targets = (
				DBD309222D311C670021D1D7 /* DVT Weather App */,
				DBD309382D311C680021D1D7 /* DVT Weather AppTests */,
				DBD309422D311C680021D1D7 /* DVT Weather AppUITests */,
			);
		};
/* End PBXProject section */

/* Begin PBXResourcesBuildPhase section */
		DBD309212D311C670021D1D7 /* Resources */ = {
			isa = PBXResourcesBuildPhase;
			buildActionMask = 2147483647;
			files = (
			);
			runOnlyForDeploymentPostprocessing = 0;
		};
		DBD309372D311C680021D1D7 /* Resources */ = {
			isa = PBXResourcesBuildPhase;
			buildActionMask = 2147483647;
			files = (
			);
			runOnlyForDeploymentPostprocessing = 0;
		};
		DBD309412D311C680021D1D7 /* Resources */ = {
			isa = PBXResourcesBuildPhase;
			buildActionMask = 2147483647;
			files = (
			);
			runOnlyForDeploymentPostprocessing = 0;
		};
/* End PBXResourcesBuildPhase section */

/* Begin PBXSourcesBuildPhase section */
		DBD3091F2D311C670021D1D7 /* Sources */ = {
			isa = PBXSourcesBuildPhase;
			buildActionMask = 2147483647;
			files = (
			);
			runOnlyForDeploymentPostprocessing = 0;
		};
		DBD309352D311C680021D1D7 /* Sources */ = {
			isa = PBXSourcesBuildPhase;
			buildActionMask = 2147483647;
			files = (
			);
			runOnlyForDeploymentPostprocessing = 0;
		};
		DBD3093F2D311C680021D1D7 /* Sources */ = {
			isa = PBXSourcesBuildPhase;
			buildActionMask = 2147483647;
			files = (
			);
			runOnlyForDeploymentPostprocessing = 0;
		};
/* End PBXSourcesBuildPhase section */

/* Begin PBXTargetDependency section */
		DBD3093B2D311C680021D1D7 /* PBXTargetDependency */ = {
			isa = PBXTargetDependency;
			target = DBD309222D311C670021D1D7 /* DVT Weather App */;
			targetProxy = DBD3093A2D311C680021D1D7 /* PBXContainerItemProxy */;
		};
		DBD309452D311C680021D1D7 /* PBXTargetDependency */ = {
			isa = PBXTargetDependency;
			target = DBD309222D311C670021D1D7 /* DVT Weather App */;
			targetProxy = DBD309442D311C680021D1D7 /* PBXContainerItemProxy */;
		};
/* End PBXTargetDependency section */

/* Begin XCBuildConfiguration section */
		DBD3094D2D311C680021D1D7 /* Debug */ = {
			isa = XCBuildConfiguration;
			buildSettings = {
				ASSETCATALOG_COMPILER_APPICON_NAME = AppIcon;
				ASSETCATALOG_COMPILER_GLOBAL_ACCENT_COLOR_NAME = AccentColor;
				CODE_SIGN_STYLE = Automatic;
				CURRENT_PROJECT_VERSION = 1;
				DEVELOPMENT_TEAM = 242J9RYTYL;
				GENERATE_INFOPLIST_FILE = YES;
				INFOPLIST_FILE = "DVT Weather App/Info.plist";
				INFOPLIST_KEY_LSApplicationCategoryType = "";
				INFOPLIST_KEY_NSLocationAlwaysUsageDescription = "The app needs your location to provide local weather forecasts";
				INFOPLIST_KEY_NSLocationWhenInUseUsageDescription = "The app needs your location to provide local weather forecasts";
				INFOPLIST_KEY_UIApplicationSupportsIndirectInputEvents = YES;
				INFOPLIST_KEY_UILaunchStoryboardName = LaunchScreen;
				INFOPLIST_KEY_UISupportedInterfaceOrientations_iPad = "UIInterfaceOrientationPortrait UIInterfaceOrientationPortraitUpsideDown UIInterfaceOrientationLandscapeLeft UIInterfaceOrientationLandscapeRight";
				INFOPLIST_KEY_UISupportedInterfaceOrientations_iPhone = "UIInterfaceOrientationPortrait UIInterfaceOrientationLandscapeLeft UIInterfaceOrientationLandscapeRight";
				LD_RUNPATH_SEARCH_PATHS = (
					"$(inherited)",
					"@executable_path/Frameworks",
				);
				MARKETING_VERSION = 1.0;
				PRODUCT_BUNDLE_IDENTIFIER = "dev.gichuki.DVT-Weather-App";
				PRODUCT_NAME = "$(TARGET_NAME)";
				SWIFT_EMIT_LOC_STRINGS = YES;
				SWIFT_VERSION = 5.0;
				TARGETED_DEVICE_FAMILY = "1,2";
			};
			name = Debug;
		};
		DBD3094E2D311C680021D1D7 /* Release */ = {
			isa = XCBuildConfiguration;
			buildSettings = {
				ASSETCATALOG_COMPILER_APPICON_NAME = AppIcon;
				ASSETCATALOG_COMPILER_GLOBAL_ACCENT_COLOR_NAME = AccentColor;
				CODE_SIGN_STYLE = Automatic;
				CURRENT_PROJECT_VERSION = 1;
				DEVELOPMENT_TEAM = 242J9RYTYL;
				GENERATE_INFOPLIST_FILE = YES;
				INFOPLIST_FILE = "DVT Weather App/Info.plist";
				INFOPLIST_KEY_LSApplicationCategoryType = "";
				INFOPLIST_KEY_NSLocationAlwaysUsageDescription = "The app needs your location to provide local weather forecasts";
				INFOPLIST_KEY_NSLocationWhenInUseUsageDescription = "The app needs your location to provide local weather forecasts";
				INFOPLIST_KEY_UIApplicationSupportsIndirectInputEvents = YES;
				INFOPLIST_KEY_UILaunchStoryboardName = LaunchScreen;
				INFOPLIST_KEY_UISupportedInterfaceOrientations_iPad = "UIInterfaceOrientationPortrait UIInterfaceOrientationPortraitUpsideDown UIInterfaceOrientationLandscapeLeft UIInterfaceOrientationLandscapeRight";
				INFOPLIST_KEY_UISupportedInterfaceOrientations_iPhone = "UIInterfaceOrientationPortrait UIInterfaceOrientationLandscapeLeft UIInterfaceOrientationLandscapeRight";
				LD_RUNPATH_SEARCH_PATHS = (
					"$(inherited)",
					"@executable_path/Frameworks",
				);
				MARKETING_VERSION = 1.0;
				PRODUCT_BUNDLE_IDENTIFIER = "dev.gichuki.DVT-Weather-App";
				PRODUCT_NAME = "$(TARGET_NAME)";
				SWIFT_EMIT_LOC_STRINGS = YES;
				SWIFT_VERSION = 5.0;
				TARGETED_DEVICE_FAMILY = "1,2";
			};
			name = Release;
		};
		DBD3094F2D311C680021D1D7 /* Debug */ = {
			isa = XCBuildConfiguration;
			buildSettings = {
				ALWAYS_SEARCH_USER_PATHS = NO;
				ASSETCATALOG_COMPILER_GENERATE_SWIFT_ASSET_SYMBOL_EXTENSIONS = YES;
				CLANG_ANALYZER_NONNULL = YES;
				CLANG_ANALYZER_NUMBER_OBJECT_CONVERSION = YES_AGGRESSIVE;
				CLANG_CXX_LANGUAGE_STANDARD = "gnu++20";
				CLANG_ENABLE_MODULES = YES;
				CLANG_ENABLE_OBJC_ARC = YES;
				CLANG_ENABLE_OBJC_WEAK = YES;
				CLANG_WARN_BLOCK_CAPTURE_AUTORELEASING = YES;
				CLANG_WARN_BOOL_CONVERSION = YES;
				CLANG_WARN_COMMA = YES;
				CLANG_WARN_CONSTANT_CONVERSION = YES;
				CLANG_WARN_DEPRECATED_OBJC_IMPLEMENTATIONS = YES;
				CLANG_WARN_DIRECT_OBJC_ISA_USAGE = YES_ERROR;
				CLANG_WARN_DOCUMENTATION_COMMENTS = YES;
				CLANG_WARN_EMPTY_BODY = YES;
				CLANG_WARN_ENUM_CONVERSION = YES;
				CLANG_WARN_INFINITE_RECURSION = YES;
				CLANG_WARN_INT_CONVERSION = YES;
				CLANG_WARN_NON_LITERAL_NULL_CONVERSION = YES;
				CLANG_WARN_OBJC_IMPLICIT_RETAIN_SELF = YES;
				CLANG_WARN_OBJC_LITERAL_CONVERSION = YES;
				CLANG_WARN_OBJC_ROOT_CLASS = YES_ERROR;
				CLANG_WARN_QUOTED_INCLUDE_IN_FRAMEWORK_HEADER = YES;
				CLANG_WARN_RANGE_LOOP_ANALYSIS = YES;
				CLANG_WARN_STRICT_PROTOTYPES = YES;
				CLANG_WARN_SUSPICIOUS_MOVE = YES;
				CLANG_WARN_UNGUARDED_AVAILABILITY = YES_AGGRESSIVE;
				CLANG_WARN_UNREACHABLE_CODE = YES;
				CLANG_WARN__DUPLICATE_METHOD_MATCH = YES;
				COPY_PHASE_STRIP = NO;
				DEBUG_INFORMATION_FORMAT = dwarf;
				ENABLE_STRICT_OBJC_MSGSEND = YES;
				ENABLE_TESTABILITY = YES;
				ENABLE_USER_SCRIPT_SANDBOXING = YES;
				GCC_C_LANGUAGE_STANDARD = gnu17;
				GCC_DYNAMIC_NO_PIC = NO;
				GCC_NO_COMMON_BLOCKS = YES;
				GCC_OPTIMIZATION_LEVEL = 0;
				GCC_PREPROCESSOR_DEFINITIONS = (
					"DEBUG=1",
					"$(inherited)",
				);
				GCC_WARN_64_TO_32_BIT_CONVERSION = YES;
				GCC_WARN_ABOUT_RETURN_TYPE = YES_ERROR;
				GCC_WARN_UNDECLARED_SELECTOR = YES;
				GCC_WARN_UNINITIALIZED_AUTOS = YES_AGGRESSIVE;
				GCC_WARN_UNUSED_FUNCTION = YES;
				GCC_WARN_UNUSED_VARIABLE = YES;
				IPHONEOS_DEPLOYMENT_TARGET = 18.0;
				LOCALIZATION_PREFERS_STRING_CATALOGS = YES;
				MTL_ENABLE_DEBUG_INFO = INCLUDE_SOURCE;
				MTL_FAST_MATH = YES;
				ONLY_ACTIVE_ARCH = YES;
				SDKROOT = iphoneos;
				SWIFT_ACTIVE_COMPILATION_CONDITIONS = "DEBUG $(inherited)";
				SWIFT_OPTIMIZATION_LEVEL = "-Onone";
			};
			name = Debug;
		};
		DBD309502D311C680021D1D7 /* Release */ = {
			isa = XCBuildConfiguration;
			buildSettings = {
				ALWAYS_SEARCH_USER_PATHS = NO;
				ASSETCATALOG_COMPILER_GENERATE_SWIFT_ASSET_SYMBOL_EXTENSIONS = YES;
				CLANG_ANALYZER_NONNULL = YES;
				CLANG_ANALYZER_NUMBER_OBJECT_CONVERSION = YES_AGGRESSIVE;
				CLANG_CXX_LANGUAGE_STANDARD = "gnu++20";
				CLANG_ENABLE_MODULES = YES;
				CLANG_ENABLE_OBJC_ARC = YES;
				CLANG_ENABLE_OBJC_WEAK = YES;
				CLANG_WARN_BLOCK_CAPTURE_AUTORELEASING = YES;
				CLANG_WARN_BOOL_CONVERSION = YES;
				CLANG_WARN_COMMA = YES;
				CLANG_WARN_CONSTANT_CONVERSION = YES;
				CLANG_WARN_DEPRECATED_OBJC_IMPLEMENTATIONS = YES;
				CLANG_WARN_DIRECT_OBJC_ISA_USAGE = YES_ERROR;
				CLANG_WARN_DOCUMENTATION_COMMENTS = YES;
				CLANG_WARN_EMPTY_BODY = YES;
				CLANG_WARN_ENUM_CONVERSION = YES;
				CLANG_WARN_INFINITE_RECURSION = YES;
				CLANG_WARN_INT_CONVERSION = YES;
				CLANG_WARN_NON_LITERAL_NULL_CONVERSION = YES;
				CLANG_WARN_OBJC_IMPLICIT_RETAIN_SELF = YES;
				CLANG_WARN_OBJC_LITERAL_CONVERSION = YES;
				CLANG_WARN_OBJC_ROOT_CLASS = YES_ERROR;
				CLANG_WARN_QUOTED_INCLUDE_IN_FRAMEWORK_HEADER = YES;
				CLANG_WARN_RANGE_LOOP_ANALYSIS = YES;
				CLANG_WARN_STRICT_PROTOTYPES = YES;
				CLANG_WARN_SUSPICIOUS_MOVE = YES;
				CLANG_WARN_UNGUARDED_AVAILABILITY = YES_AGGRESSIVE;
				CLANG_WARN_UNREACHABLE_CODE = YES;
				CLANG_WARN__DUPLICATE_METHOD_MATCH = YES;
				COPY_PHASE_STRIP = NO;
				DEBUG_INFORMATION_FORMAT = "dwarf-with-dsym";
				ENABLE_NS_ASSERTIONS = NO;
				ENABLE_STRICT_OBJC_MSGSEND = YES;
				ENABLE_USER_SCRIPT_SANDBOXING = YES;
				GCC_C_LANGUAGE_STANDARD = gnu17;
				GCC_NO_COMMON_BLOCKS = YES;
				GCC_WARN_64_TO_32_BIT_CONVERSION = YES;
				GCC_WARN_ABOUT_RETURN_TYPE = YES_ERROR;
				GCC_WARN_UNDECLARED_SELECTOR = YES;
				GCC_WARN_UNINITIALIZED_AUTOS = YES_AGGRESSIVE;
				GCC_WARN_UNUSED_FUNCTION = YES;
				GCC_WARN_UNUSED_VARIABLE = YES;
				IPHONEOS_DEPLOYMENT_TARGET = 18.0;
				LOCALIZATION_PREFERS_STRING_CATALOGS = YES;
				MTL_ENABLE_DEBUG_INFO = NO;
				MTL_FAST_MATH = YES;
				SDKROOT = iphoneos;
				SWIFT_COMPILATION_MODE = wholemodule;
				VALIDATE_PRODUCT = YES;
			};
			name = Release;
		};
		DBD309522D311C680021D1D7 /* Debug */ = {
			isa = XCBuildConfiguration;
			buildSettings = {
				BUNDLE_LOADER = "$(TEST_HOST)";
				CODE_SIGN_STYLE = Automatic;
				CURRENT_PROJECT_VERSION = 1;
				DEVELOPMENT_TEAM = 242J9RYTYL;
				GENERATE_INFOPLIST_FILE = YES;
				IPHONEOS_DEPLOYMENT_TARGET = 18.0;
				MARKETING_VERSION = 1.0;
				PRODUCT_BUNDLE_IDENTIFIER = "dev.gichuki.DVT-Weather-AppTests";
				PRODUCT_NAME = "$(TARGET_NAME)";
				SWIFT_EMIT_LOC_STRINGS = NO;
				SWIFT_VERSION = 5.0;
				TARGETED_DEVICE_FAMILY = "1,2";
				TEST_HOST = "$(BUILT_PRODUCTS_DIR)/DVT Weather App.app/$(BUNDLE_EXECUTABLE_FOLDER_PATH)/DVT Weather App";
			};
			name = Debug;
		};
		DBD309532D311C680021D1D7 /* Release */ = {
			isa = XCBuildConfiguration;
			buildSettings = {
				BUNDLE_LOADER = "$(TEST_HOST)";
				CODE_SIGN_STYLE = Automatic;
				CURRENT_PROJECT_VERSION = 1;
				DEVELOPMENT_TEAM = 242J9RYTYL;
				GENERATE_INFOPLIST_FILE = YES;
				IPHONEOS_DEPLOYMENT_TARGET = 18.0;
				MARKETING_VERSION = 1.0;
				PRODUCT_BUNDLE_IDENTIFIER = "dev.gichuki.DVT-Weather-AppTests";
				PRODUCT_NAME = "$(TARGET_NAME)";
				SWIFT_EMIT_LOC_STRINGS = NO;
				SWIFT_VERSION = 5.0;
				TARGETED_DEVICE_FAMILY = "1,2";
				TEST_HOST = "$(BUILT_PRODUCTS_DIR)/DVT Weather App.app/$(BUNDLE_EXECUTABLE_FOLDER_PATH)/DVT Weather App";
			};
			name = Release;
		};
		DBD309552D311C680021D1D7 /* Debug */ = {
			isa = XCBuildConfiguration;
			buildSettings = {
				CODE_SIGN_STYLE = Automatic;
				CURRENT_PROJECT_VERSION = 1;
				DEVELOPMENT_TEAM = 242J9RYTYL;
				GENERATE_INFOPLIST_FILE = YES;
				MARKETING_VERSION = 1.0;
				PRODUCT_BUNDLE_IDENTIFIER = "dev.gichuki.DVT-Weather-AppUITests";
				PRODUCT_NAME = "$(TARGET_NAME)";
				SWIFT_EMIT_LOC_STRINGS = NO;
				SWIFT_VERSION = 5.0;
				TARGETED_DEVICE_FAMILY = "1,2";
				TEST_TARGET_NAME = "DVT Weather App";
			};
			name = Debug;
		};
		DBD309562D311C680021D1D7 /* Release */ = {
			isa = XCBuildConfiguration;
			buildSettings = {
				CODE_SIGN_STYLE = Automatic;
				CURRENT_PROJECT_VERSION = 1;
				DEVELOPMENT_TEAM = 242J9RYTYL;
				GENERATE_INFOPLIST_FILE = YES;
				MARKETING_VERSION = 1.0;
				PRODUCT_BUNDLE_IDENTIFIER = "dev.gichuki.DVT-Weather-AppUITests";
				PRODUCT_NAME = "$(TARGET_NAME)";
				SWIFT_EMIT_LOC_STRINGS = NO;
				SWIFT_VERSION = 5.0;
				TARGETED_DEVICE_FAMILY = "1,2";
				TEST_TARGET_NAME = "DVT Weather App";
			};
			name = Release;
		};
/* End XCBuildConfiguration section */

/* Begin XCConfigurationList section */
		DBD3091E2D311C670021D1D7 /* Build configuration list for PBXProject "DVT Weather App" */ = {
			isa = XCConfigurationList;
			buildConfigurations = (
				DBD3094F2D311C680021D1D7 /* Debug */,
				DBD309502D311C680021D1D7 /* Release */,
			);
			defaultConfigurationIsVisible = 0;
			defaultConfigurationName = Release;
		};
		DBD3094C2D311C680021D1D7 /* Build configuration list for PBXNativeTarget "DVT Weather App" */ = {
			isa = XCConfigurationList;
			buildConfigurations = (
				DBD3094D2D311C680021D1D7 /* Debug */,
				DBD3094E2D311C680021D1D7 /* Release */,
			);
			defaultConfigurationIsVisible = 0;
			defaultConfigurationName = Release;
		};
		DBD309512D311C680021D1D7 /* Build configuration list for PBXNativeTarget "DVT Weather AppTests" */ = {
			isa = XCConfigurationList;
			buildConfigurations = (
				DBD309522D311C680021D1D7 /* Debug */,
				DBD309532D311C680021D1D7 /* Release */,
			);
			defaultConfigurationIsVisible = 0;
			defaultConfigurationName = Release;
		};
		DBD309542D311C680021D1D7 /* Build configuration list for PBXNativeTarget "DVT Weather AppUITests" */ = {
			isa = XCConfigurationList;
			buildConfigurations = (
				DBD309552D311C680021D1D7 /* Debug */,
				DBD309562D311C680021D1D7 /* Release */,
			);
			defaultConfigurationIsVisible = 0;
			defaultConfigurationName = Release;
		};
/* End XCConfigurationList section */
	};
	rootObject = DBD3091B2D311C670021D1D7 /* Project object */;
}
